
Microsoft Visual Studio Solution File, Format Version 12.00
# Visual Studio 14
VisualStudioVersion = 14.0.25420.1
MinimumVisualStudioVersion = 10.0.40219.1
Project("{FAE04EC0-301F-11D3-BF4B-00C04F79EFBC}") = "GoodBytes.Infrastructure.Entitier", "GoodBytes.Infrastructure.Entitier.csproj", "{75BF8175-70EB-4CDF-8BDE-D1C6DC0279BA}"
EndProject
Global
	GlobalSection(SolutionConfigurationPlatforms) = preSolution
		Community|Any CPU = Community|Any CPU
		CommunityTest|Any CPU = CommunityTest|Any CPU
		Criticas|Any CPU = Criticas|Any CPU
		Debug|Any CPU = Debug|Any CPU
		FootballChildren|Any CPU = FootballChildren|Any CPU
		Interesart|Any CPU = Interesart|Any CPU
		ProgramandoEn|Any CPU = ProgramandoEn|Any CPU
		Release|Any CPU = Release|Any CPU
		Technologia|Any CPU = Technologia|Any CPU
		TravelLibre|Any CPU = TravelLibre|Any CPU
	EndGlobalSection
	GlobalSection(ProjectConfigurationPlatforms) = postSolution
		{75BF8175-70EB-4CDF-8BDE-D1C6DC0279BA}.Community|Any CPU.ActiveCfg = Community|Any CPU
		{75BF8175-70EB-4CDF-8BDE-D1C6DC0279BA}.Community|Any CPU.Build.0 = Community|Any CPU
		{75BF8175-70EB-4CDF-8BDE-D1C6DC0279BA}.CommunityTest|Any CPU.ActiveCfg = CommunityTest|Any CPU
		{75BF8175-70EB-4CDF-8BDE-D1C6DC0279BA}.CommunityTest|Any CPU.Build.0 = CommunityTest|Any CPU
		{75BF8175-70EB-4CDF-8BDE-D1C6DC0279BA}.Criticas|Any CPU.ActiveCfg = Criticas|Any CPU
		{75BF8175-70EB-4CDF-8BDE-D1C6DC0279BA}.Criticas|Any CPU.Build.0 = Criticas|Any CPU
		{75BF8175-70EB-4CDF-8BDE-D1C6DC0279BA}.Debug|Any CPU.ActiveCfg = Debug|Any CPU
		{75BF8175-70EB-4CDF-8BDE-D1C6DC0279BA}.Debug|Any CPU.Build.0 = Debug|Any CPU
		{75BF8175-70EB-4CDF-8BDE-D1C6DC0279BA}.FootballChildren|Any CPU.ActiveCfg = FootballChildren|Any CPU
		{75BF8175-70EB-4CDF-8BDE-D1C6DC0279BA}.FootballChildren|Any CPU.Build.0 = FootballChildren|Any CPU
		{75BF8175-70EB-4CDF-8BDE-D1C6DC0279BA}.Interesart|Any CPU.ActiveCfg = Interesart|Any CPU
		{75BF8175-70EB-4CDF-8BDE-D1C6DC0279BA}.Interesart|Any CPU.Build.0 = Interesart|Any CPU
		{75BF8175-70EB-4CDF-8BDE-D1C6DC0279BA}.ProgramandoEn|Any CPU.ActiveCfg = ProgramandoEn|Any CPU
		{75BF8175-70EB-4CDF-8BDE-D1C6DC0279BA}.ProgramandoEn|Any CPU.Build.0 = ProgramandoEn|Any CPU
		{75BF8175-70EB-4CDF-8BDE-D1C6DC0279BA}.Release|Any CPU.ActiveCfg = Release|Any CPU
		{75BF8175-70EB-4CDF-8BDE-D1C6DC0279BA}.Release|Any CPU.Build.0 = Release|Any CPU
		{75BF8175-70EB-4CDF-8BDE-D1C6DC0279BA}.Technologia|Any CPU.ActiveCfg = Technologia|Any CPU
		{75BF8175-70EB-4CDF-8BDE-D1C6DC0279BA}.Technologia|Any CPU.Build.0 = Technologia|Any CPU
		{75BF8175-70EB-4CDF-8BDE-D1C6DC0279BA}.TravelLibre|Any CPU.ActiveCfg = TravelLibre|Any CPU
		{75BF8175-70EB-4CDF-8BDE-D1C6DC0279BA}.TravelLibre|Any CPU.Build.0 = TravelLibre|Any CPU
	EndGlobalSection
	GlobalSection(SolutionProperties) = preSolution
		HideSolutionNode = FALSE
	EndGlobalSection
EndGlobal
